# This file is automatically @generated by Cargo.
# It is not intended for manual editing.
version = 4

[[package]]
name = "bincode"
version = "2.0.0"
source = "registry+https://github.com/rust-lang/crates.io-index"
checksum = "3ad1fa75f77bbd06f187540aa1d70ca50b80b27ce85e7f41c0ce7ff42b34ed3b"
dependencies = [
 "bincode_derive",
 "serde",
 "unty",
]

[[package]]
name = "bincode_derive"
version = "2.0.0"
source = "registry+https://github.com/rust-lang/crates.io-index"
checksum = "b1cef5dd4a4457dd11529e743d18ba4fabbd5f20b6895f4c865cb257337dcf9f"
dependencies = [
 "virtue",
]

[[package]]
name = "emap"
version = "0.0.0"
dependencies = [
 "bincode",
 "serde",
]

[[package]]
name = "serde"
version = "1.0.185"
source = "registry+https://github.com/rust-lang/crates.io-index"
checksum = "be9b6f69f1dfd54c3b568ffa45c310d6973a5e5148fd40cf515acaf38cf5bc31"

[[package]]
name = "unty"
version = "0.0.3"
source = "registry+https://github.com/rust-lang/crates.io-index"
checksum = "a1a88342087869553c259588a3ec9ca73ce9b2d538b7051ba5789ff236b6c129"

[[package]]
name = "virtue"
version = "0.0.18"
source = "registry+https://github.com/rust-lang/crates.io-index"
checksum = "051eb1abcf10076295e815102942cc58f9d5e3b4560e46e53c21e8ff6f3af7b1"
